
Microsoft Visual Studio Solution File, Format Version 12.00
# Visual Studio 15
VisualStudioVersion = 15.0.27428.2027
MinimumVisualStudioVersion = 10.0.40219.1
Project("{FAE04EC0-301F-11D3-BF4B-00C04F79EFBC}") = "FinalExercise", "FinalExercise\FinalExercise.csproj", "{136B2AF3-0D5C-4A87-AE51-CB61050BFAD3}"
EndProject
Global
	GlobalSection(SolutionConfigurationPlatforms) = preSolution
		Debug|Any CPU = Debug|Any CPU
		Release|Any CPU = Release|Any CPU
	EndGlobalSection
	GlobalSection(ProjectConfigurationPlatforms) = postSolution
		{136B2AF3-0D5C-4A87-AE51-CB61050BFAD3}.Debug|Any CPU.ActiveCfg = Debug|Any CPU
		{136B2AF3-0D5C-4A87-AE51-CB61050BFAD3}.Debug|Any CPU.Build.0 = Debug|Any CPU
		{136B2AF3-0D5C-4A87-AE51-CB61050BFAD3}.Release|Any CPU.ActiveCfg = Release|Any CPU
		{136B2AF3-0D5C-4A87-AE51-CB61050BFAD3}.Release|Any CPU.Build.0 = Release|Any CPU
	EndGlobalSection
	GlobalSection(SolutionProperties) = preSolution
		HideSolutionNode = FALSE
	EndGlobalSection
	GlobalSection(ExtensibilityGlobals) = postSolution
		SolutionGuid = {45074F4D-B863-4C10-9DB4-DCD4A62BF089}
	EndGlobalSection
EndGlobal
