
Microsoft Visual Studio Solution File, Format Version 12.00
# Visual Studio 15
VisualStudioVersion = 15.0.27428.2027
MinimumVisualStudioVersion = 10.0.40219.1
Project("{FAE04EC0-301F-11D3-BF4B-00C04F79EFBC}") = "TwentyOne", "TwentyOne\TwentyOne.csproj", "{B68F3530-11A8-4AA9-89F2-0DE6C789DEB6}"
EndProject
Project("{FAE04EC0-301F-11D3-BF4B-00C04F79EFBC}") = "Casino", "Casino\Casino.csproj", "{DD4A2ACF-7EF0-4608-A447-5B4AC42F5FC4}"
EndProject
Global
	GlobalSection(SolutionConfigurationPlatforms) = preSolution
		Debug|Any CPU = Debug|Any CPU
		Release|Any CPU = Release|Any CPU
	EndGlobalSection
	GlobalSection(ProjectConfigurationPlatforms) = postSolution
		{B68F3530-11A8-4AA9-89F2-0DE6C789DEB6}.Debug|Any CPU.ActiveCfg = Debug|Any CPU
		{B68F3530-11A8-4AA9-89F2-0DE6C789DEB6}.Debug|Any CPU.Build.0 = Debug|Any CPU
		{B68F3530-11A8-4AA9-89F2-0DE6C789DEB6}.Release|Any CPU.ActiveCfg = Release|Any CPU
		{B68F3530-11A8-4AA9-89F2-0DE6C789DEB6}.Release|Any CPU.Build.0 = Release|Any CPU
		{DD4A2ACF-7EF0-4608-A447-5B4AC42F5FC4}.Debug|Any CPU.ActiveCfg = Debug|Any CPU
		{DD4A2ACF-7EF0-4608-A447-5B4AC42F5FC4}.Debug|Any CPU.Build.0 = Debug|Any CPU
		{DD4A2ACF-7EF0-4608-A447-5B4AC42F5FC4}.Release|Any CPU.ActiveCfg = Release|Any CPU
		{DD4A2ACF-7EF0-4608-A447-5B4AC42F5FC4}.Release|Any CPU.Build.0 = Release|Any CPU
	EndGlobalSection
	GlobalSection(SolutionProperties) = preSolution
		HideSolutionNode = FALSE
	EndGlobalSection
	GlobalSection(ExtensibilityGlobals) = postSolution
		SolutionGuid = {689D55F6-76DB-4E99-B6FD-C156F82AAB6D}
	EndGlobalSection
EndGlobal
