
Microsoft Visual Studio Solution File, Format Version 12.00
# Visual Studio 2012
Project("{FAE04EC0-301F-11D3-BF4B-00C04F79EFBC}") = "Page35Drill", "Page35Drill\Page35Drill.csproj", "{81AB56E9-F8B8-4C2D-BD54-9942B734B028}"
EndProject
Global
	GlobalSection(SolutionConfigurationPlatforms) = preSolution
		Debug|Any CPU = Debug|Any CPU
		Release|Any CPU = Release|Any CPU
	EndGlobalSection
	GlobalSection(ProjectConfigurationPlatforms) = postSolution
		{81AB56E9-F8B8-4C2D-BD54-9942B734B028}.Debug|Any CPU.ActiveCfg = Debug|Any CPU
		{81AB56E9-F8B8-4C2D-BD54-9942B734B028}.Debug|Any CPU.Build.0 = Debug|Any CPU
		{81AB56E9-F8B8-4C2D-BD54-9942B734B028}.Release|Any CPU.ActiveCfg = Release|Any CPU
		{81AB56E9-F8B8-4C2D-BD54-9942B734B028}.Release|Any CPU.Build.0 = Release|Any CPU
	EndGlobalSection
EndGlobal
