
Microsoft Visual Studio Solution File, Format Version 12.00
# Visual Studio 15
VisualStudioVersion = 15.0.27428.2027
MinimumVisualStudioVersion = 10.0.40219.1
Project("{FAE04EC0-301F-11D3-BF4B-00C04F79EFBC}") = "Branching", "Branching\Branching.csproj", "{DDFF8CDD-65DA-468D-9CF4-F2E32A5B72F8}"
EndProject
Global
	GlobalSection(SolutionConfigurationPlatforms) = preSolution
		Debug|Any CPU = Debug|Any CPU
		Release|Any CPU = Release|Any CPU
	EndGlobalSection
	GlobalSection(ProjectConfigurationPlatforms) = postSolution
		{DDFF8CDD-65DA-468D-9CF4-F2E32A5B72F8}.Debug|Any CPU.ActiveCfg = Debug|Any CPU
		{DDFF8CDD-65DA-468D-9CF4-F2E32A5B72F8}.Debug|Any CPU.Build.0 = Debug|Any CPU
		{DDFF8CDD-65DA-468D-9CF4-F2E32A5B72F8}.Release|Any CPU.ActiveCfg = Release|Any CPU
		{DDFF8CDD-65DA-468D-9CF4-F2E32A5B72F8}.Release|Any CPU.Build.0 = Release|Any CPU
	EndGlobalSection
	GlobalSection(SolutionProperties) = preSolution
		HideSolutionNode = FALSE
	EndGlobalSection
	GlobalSection(ExtensibilityGlobals) = postSolution
		SolutionGuid = {AF89F002-00C0-4606-96F4-42369E3F2808}
	EndGlobalSection
EndGlobal
