
Microsoft Visual Studio Solution File, Format Version 12.00
# Visual Studio 15
VisualStudioVersion = 15.0.27428.2027
MinimumVisualStudioVersion = 10.0.40219.1
Project("{FAE04EC0-301F-11D3-BF4B-00C04F79EFBC}") = "ExceptionHandling", "ExceptionHandling\ExceptionHandling.csproj", "{5747937B-3A76-40FA-8CE5-6417B75317FE}"
EndProject
Global
	GlobalSection(SolutionConfigurationPlatforms) = preSolution
		Debug|Any CPU = Debug|Any CPU
		Release|Any CPU = Release|Any CPU
	EndGlobalSection
	GlobalSection(ProjectConfigurationPlatforms) = postSolution
		{5747937B-3A76-40FA-8CE5-6417B75317FE}.Debug|Any CPU.ActiveCfg = Debug|Any CPU
		{5747937B-3A76-40FA-8CE5-6417B75317FE}.Debug|Any CPU.Build.0 = Debug|Any CPU
		{5747937B-3A76-40FA-8CE5-6417B75317FE}.Release|Any CPU.ActiveCfg = Release|Any CPU
		{5747937B-3A76-40FA-8CE5-6417B75317FE}.Release|Any CPU.Build.0 = Release|Any CPU
	EndGlobalSection
	GlobalSection(SolutionProperties) = preSolution
		HideSolutionNode = FALSE
	EndGlobalSection
	GlobalSection(ExtensibilityGlobals) = postSolution
		SolutionGuid = {088E8171-D664-4228-81AE-7E6C7887153A}
	EndGlobalSection
EndGlobal
